
Microsoft Visual Studio Solution File, Format Version 12.00
# Visual Studio Version 17
VisualStudioVersion = 17.14.36414.22 d17.14
MinimumVisualStudioVersion = 10.0.40219.1
Project("{FAE04EC0-301F-11D3-BF4B-00C04F79EFBC}") = "FuXing", "FuXing.csproj", "{883997F2-A597-407E-A0F7-0F42DCA953C6}"
EndProject
Global
	GlobalSection(SolutionConfigurationPlatforms) = preSolution
		Debug|Any CPU = Debug|Any CPU
		Release|Any CPU = Release|Any CPU
	EndGlobalSection
	GlobalSection(ProjectConfigurationPlatforms) = postSolution
		{883997F2-A597-407E-A0F7-0F42DCA953C6}.Debug|Any CPU.ActiveCfg = Debug|Any CPU
		{883997F2-A597-407E-A0F7-0F42DCA953C6}.Debug|Any CPU.Build.0 = Debug|Any CPU
		{883997F2-A597-407E-A0F7-0F42DCA953C6}.Release|Any CPU.ActiveCfg = Release|Any CPU
		{883997F2-A597-407E-A0F7-0F42DCA953C6}.Release|Any CPU.Build.0 = Release|Any CPU
	EndGlobalSection
	GlobalSection(SolutionProperties) = preSolution
		HideSolutionNode = FALSE
	EndGlobalSection
	GlobalSection(ExtensibilityGlobals) = postSolution
		SolutionGuid = {18C0D09B-82FB-43F3-8A25-EEF5C5B70F83}
	EndGlobalSection
EndGlobal

